// !$*UTF8*$!
{
	archiveVersion = 1;
	classes = {
	};
	objectVersion = 56;
	objects = {

/* Begin PBXBuildFile section */
		4F1DDCB02D01DFD60064D757 /* SettingsView.swift in Sources */ = {isa = PBXBuildFile; fileRef = 4F1DDCAF2D01DFD60064D757 /* SettingsView.swift */; };
		4F36C1222D108F5A0011B52D /* ModuleDoneView.swift in Sources */ = {isa = PBXBuildFile; fileRef = 4F36C1212D108F5A0011B52D /* ModuleDoneView.swift */; };
		4F81A55E2CB5561600534A50 /* OnboardingView.swift in Sources */ = {isa = PBXBuildFile; fileRef = 4F81A55D2CB5561500534A50 /* OnboardingView.swift */; };
		4F81A57E2CB68C4000534A50 /* Session.swift in Sources */ = {isa = PBXBuildFile; fileRef = 4F81A57D2CB68C4000534A50 /* Session.swift */; };
		4F81A5802CB6F79100534A50 /* PrivacyInfo.xcprivacy in Resources */ = {isa = PBXBuildFile; fileRef = 4F81A57F2CB6F79100534A50 /* PrivacyInfo.xcprivacy */; };
		4F9352662CAD735400653349 /* sportApp.swift in Sources */ = {isa = PBXBuildFile; fileRef = 4F9352652CAD735400653349 /* sportApp.swift */; };
		4F93526A2CAD735600653349 /* Assets.xcassets in Resources */ = {isa = PBXBuildFile; fileRef = 4F9352692CAD735600653349 /* Assets.xcassets */; };
		4F93526D2CAD735600653349 /* Preview Assets.xcassets in Resources */ = {isa = PBXBuildFile; fileRef = 4F93526C2CAD735600653349 /* Preview Assets.xcassets */; };
		4F9352742CAD736F00653349 /* QRCodeView.swift in Sources */ = {isa = PBXBuildFile; fileRef = 4F9352732CAD736F00653349 /* QRCodeView.swift */; };
		4FB0EBFD2CDD0D5E00C884B0 /* ExerciseManager.swift in Sources */ = {isa = PBXBuildFile; fileRef = 4FB0EBFC2CDD0D5E00C884B0 /* ExerciseManager.swift */; };
		4FB0EBFF2CDD305200C884B0 /* Exercise.swift in Sources */ = {isa = PBXBuildFile; fileRef = 4FB0EBFE2CDD305200C884B0 /* Exercise.swift */; };
		4FB0EC012CDD36BE00C884B0 /* Workout.swift in Sources */ = {isa = PBXBuildFile; fileRef = 4FB0EC002CDD36BE00C884B0 /* Workout.swift */; };
		4FB0EC032CDE059A00C884B0 /* TrainingPlan.swift in Sources */ = {isa = PBXBuildFile; fileRef = 4FB0EC022CDE059A00C884B0 /* TrainingPlan.swift */; };
		4FFDC4292CCA855F007AB026 /* OtherTabView.swift in Sources */ = {isa = PBXBuildFile; fileRef = 4FFDC4282CCA855F007AB026 /* OtherTabView.swift */; };
		4FFDC42B2CCA88CD007AB026 /* AppDelegate.swift in Sources */ = {isa = PBXBuildFile; fileRef = 4FFDC42A2CCA88CD007AB026 /* AppDelegate.swift */; };
		4FFDC42D2CCA8E8E007AB026 /* HistoryView.swift in Sources */ = {isa = PBXBuildFile; fileRef = 4FFDC42C2CCA8E8E007AB026 /* HistoryView.swift */; };
/* End PBXBuildFile section */

/* Begin PBXFileReference section */
		4F1DDCAF2D01DFD60064D757 /* SettingsView.swift */ = {isa = PBXFileReference; lastKnownFileType = sourcecode.swift; path = SettingsView.swift; sourceTree = "<group>"; };
		4F36C1212D108F5A0011B52D /* ModuleDoneView.swift */ = {isa = PBXFileReference; lastKnownFileType = sourcecode.swift; path = ModuleDoneView.swift; sourceTree = "<group>"; };
		4F81A55D2CB5561500534A50 /* OnboardingView.swift */ = {isa = PBXFileReference; lastKnownFileType = sourcecode.swift; path = OnboardingView.swift; sourceTree = "<group>"; };
		4F81A57D2CB68C4000534A50 /* Session.swift */ = {isa = PBXFileReference; lastKnownFileType = sourcecode.swift; path = Session.swift; sourceTree = "<group>"; };
		4F81A57F2CB6F79100534A50 /* PrivacyInfo.xcprivacy */ = {isa = PBXFileReference; fileEncoding = 4; lastKnownFileType = text.xml; path = PrivacyInfo.xcprivacy; sourceTree = "<group>"; };
		4F9352622CAD735400653349 /* MatchSportPlay.app */ = {isa = PBXFileReference; explicitFileType = wrapper.application; includeInIndex = 0; path = MatchSportPlay.app; sourceTree = BUILT_PRODUCTS_DIR; };
		4F9352652CAD735400653349 /* sportApp.swift */ = {isa = PBXFileReference; lastKnownFileType = sourcecode.swift; path = sportApp.swift; sourceTree = "<group>"; };
		4F9352692CAD735600653349 /* Assets.xcassets */ = {isa = PBXFileReference; lastKnownFileType = folder.assetcatalog; path = Assets.xcassets; sourceTree = "<group>"; };
		4F93526C2CAD735600653349 /* Preview Assets.xcassets */ = {isa = PBXFileReference; lastKnownFileType = folder.assetcatalog; path = "Preview Assets.xcassets"; sourceTree = "<group>"; };
		4F9352732CAD736F00653349 /* QRCodeView.swift */ = {isa = PBXFileReference; lastKnownFileType = sourcecode.swift; path = QRCodeView.swift; sourceTree = "<group>"; };
		4FB0EBFC2CDD0D5E00C884B0 /* ExerciseManager.swift */ = {isa = PBXFileReference; lastKnownFileType = sourcecode.swift; path = ExerciseManager.swift; sourceTree = "<group>"; };
		4FB0EBFE2CDD305200C884B0 /* Exercise.swift */ = {isa = PBXFileReference; lastKnownFileType = sourcecode.swift; path = Exercise.swift; sourceTree = "<group>"; };
		4FB0EC002CDD36BE00C884B0 /* Workout.swift */ = {isa = PBXFileReference; lastKnownFileType = sourcecode.swift; path = Workout.swift; sourceTree = "<group>"; };
		4FB0EC022CDE059A00C884B0 /* TrainingPlan.swift */ = {isa = PBXFileReference; lastKnownFileType = sourcecode.swift; path = TrainingPlan.swift; sourceTree = "<group>"; };
		4FFDC4282CCA855F007AB026 /* OtherTabView.swift */ = {isa = PBXFileReference; lastKnownFileType = sourcecode.swift; path = OtherTabView.swift; sourceTree = "<group>"; };
		4FFDC42A2CCA88CD007AB026 /* AppDelegate.swift */ = {isa = PBXFileReference; fileEncoding = 4; lastKnownFileType = sourcecode.swift; path = AppDelegate.swift; sourceTree = "<group>"; };
		4FFDC42C2CCA8E8E007AB026 /* HistoryView.swift */ = {isa = PBXFileReference; lastKnownFileType = sourcecode.swift; path = HistoryView.swift; sourceTree = "<group>"; };
/* End PBXFileReference section */

/* Begin PBXFrameworksBuildPhase section */
		4F93525F2CAD735400653349 /* Frameworks */ = {
			isa = PBXFrameworksBuildPhase;
			buildActionMask = 2147483647;
			files = (
			);
			runOnlyForDeploymentPostprocessing = 0;
		};
/* End PBXFrameworksBuildPhase section */

/* Begin PBXGroup section */
		4F9352592CAD735400653349 = {
			isa = PBXGroup;
			children = (
				4F9352642CAD735400653349 /* sport */,
				4F9352632CAD735400653349 /* Products */,
			);
			sourceTree = "<group>";
		};
		4F9352632CAD735400653349 /* Products */ = {
			isa = PBXGroup;
			children = (
				4F9352622CAD735400653349 /* MatchSportPlay.app */,
			);
			name = Products;
			sourceTree = "<group>";
		};
		4F9352642CAD735400653349 /* sport */ = {
			isa = PBXGroup;
			children = (
				4FFDC42A2CCA88CD007AB026 /* AppDelegate.swift */,
				4F9352652CAD735400653349 /* sportApp.swift */,
				4F81A55D2CB5561500534A50 /* OnboardingView.swift */,
				4FB0EBFC2CDD0D5E00C884B0 /* ExerciseManager.swift */,
				4FB0EBFE2CDD305200C884B0 /* Exercise.swift */,
				4FB0EC002CDD36BE00C884B0 /* Workout.swift */,
				4FB0EC022CDE059A00C884B0 /* TrainingPlan.swift */,
				4F81A57D2CB68C4000534A50 /* Session.swift */,
				4F36C1212D108F5A0011B52D /* ModuleDoneView.swift */,
				4F81A57F2CB6F79100534A50 /* PrivacyInfo.xcprivacy */,
				4FFDC4282CCA855F007AB026 /* OtherTabView.swift */,
				4F1DDCAF2D01DFD60064D757 /* SettingsView.swift */,
				4F9352732CAD736F00653349 /* QRCodeView.swift */,
				4FFDC42C2CCA8E8E007AB026 /* HistoryView.swift */,
				4F9352692CAD735600653349 /* Assets.xcassets */,
				4F93526B2CAD735600653349 /* Preview Content */,
			);
			path = sport;
			sourceTree = "<group>";
		};
		4F93526B2CAD735600653349 /* Preview Content */ = {
			isa = PBXGroup;
			children = (
				4F93526C2CAD735600653349 /* Preview Assets.xcassets */,
			);
			path = "Preview Content";
			sourceTree = "<group>";
		};
/* End PBXGroup section */

/* Begin PBXNativeTarget section */
		4F9352612CAD735400653349 /* MatchSportPlay */ = {
			isa = PBXNativeTarget;
			buildConfigurationList = 4F9352702CAD735600653349 /* Build configuration list for PBXNativeTarget "MatchSportPlay" */;
			buildPhases = (
				4F93525E2CAD735400653349 /* Sources */,
				4F93525F2CAD735400653349 /* Frameworks */,
				4F9352602CAD735400653349 /* Resources */,
			);
			buildRules = (
			);
			dependencies = (
			);
			name = MatchSportPlay;
			productName = sport;
			productReference = 4F9352622CAD735400653349 /* MatchSportPlay.app */;
			productType = "com.apple.product-type.application";
		};
/* End PBXNativeTarget section */

/* Begin PBXProject section */
		4F93525A2CAD735400653349 /* Project object */ = {
			isa = PBXProject;
			attributes = {
				BuildIndependentTargetsInParallel = 1;
				LastSwiftUpdateCheck = 1530;
				LastUpgradeCheck = 1530;
				TargetAttributes = {
					4F9352612CAD735400653349 = {
						CreatedOnToolsVersion = 15.3;
					};
				};
			};
			buildConfigurationList = 4F93525D2CAD735400653349 /* Build configuration list for PBXProject "MatchSportPlay" */;
			compatibilityVersion = "Xcode 14.0";
			developmentRegion = en;
			hasScannedForEncodings = 0;
			knownRegions = (
				en,
				Base,
			);
			mainGroup = 4F9352592CAD735400653349;
			productRefGroup = 4F9352632CAD735400653349 /* Products */;
			projectDirPath = "";
			projectRoot = "";
			targets = (
				4F9352612CAD735400653349 /* MatchSportPlay */,
			);
		};
/* End PBXProject section */

/* Begin PBXResourcesBuildPhase section */
		4F9352602CAD735400653349 /* Resources */ = {
			isa = PBXResourcesBuildPhase;
			buildActionMask = 2147483647;
			files = (
				4F81A5802CB6F79100534A50 /* PrivacyInfo.xcprivacy in Resources */,
				4F93526D2CAD735600653349 /* Preview Assets.xcassets in Resources */,
				4F93526A2CAD735600653349 /* Assets.xcassets in Resources */,
			);
			runOnlyForDeploymentPostprocessing = 0;
		};
/* End PBXResourcesBuildPhase section */

/* Begin PBXSourcesBuildPhase section */
		4F93525E2CAD735400653349 /* Sources */ = {
			isa = PBXSourcesBuildPhase;
			buildActionMask = 2147483647;
			files = (
				4F81A57E2CB68C4000534A50 /* Session.swift in Sources */,
				4FB0EC012CDD36BE00C884B0 /* Workout.swift in Sources */,
				4F9352742CAD736F00653349 /* QRCodeView.swift in Sources */,
				4FFDC4292CCA855F007AB026 /* OtherTabView.swift in Sources */,
				4FFDC42D2CCA8E8E007AB026 /* HistoryView.swift in Sources */,
				4FB0EC032CDE059A00C884B0 /* TrainingPlan.swift in Sources */,
				4FFDC42B2CCA88CD007AB026 /* AppDelegate.swift in Sources */,
				4F36C1222D108F5A0011B52D /* ModuleDoneView.swift in Sources */,
				4F81A55E2CB5561600534A50 /* OnboardingView.swift in Sources */,
				4F9352662CAD735400653349 /* sportApp.swift in Sources */,
				4FB0EBFF2CDD305200C884B0 /* Exercise.swift in Sources */,
				4FB0EBFD2CDD0D5E00C884B0 /* ExerciseManager.swift in Sources */,
				4F1DDCB02D01DFD60064D757 /* SettingsView.swift in Sources */,
			);
			runOnlyForDeploymentPostprocessing = 0;
		};
/* End PBXSourcesBuildPhase section */

/* Begin XCBuildConfiguration section */
		4F93526E2CAD735600653349 /* Debug */ = {
			isa = XCBuildConfiguration;
			buildSettings = {
				ALWAYS_SEARCH_USER_PATHS = NO;
				ASSETCATALOG_COMPILER_GENERATE_SWIFT_ASSET_SYMBOL_EXTENSIONS = YES;
				CLANG_ANALYZER_NONNULL = YES;
				CLANG_ANALYZER_NUMBER_OBJECT_CONVERSION = YES_AGGRESSIVE;
				CLANG_CXX_LANGUAGE_STANDARD = "gnu++20";
				CLANG_ENABLE_MODULES = YES;
				CLANG_ENABLE_OBJC_ARC = YES;
				CLANG_ENABLE_OBJC_WEAK = YES;
				CLANG_WARN_BLOCK_CAPTURE_AUTORELEASING = YES;
				CLANG_WARN_BOOL_CONVERSION = YES;
				CLANG_WARN_COMMA = YES;
				CLANG_WARN_CONSTANT_CONVERSION = YES;
				CLANG_WARN_DEPRECATED_OBJC_IMPLEMENTATIONS = YES;
				CLANG_WARN_DIRECT_OBJC_ISA_USAGE = YES_ERROR;
				CLANG_WARN_DOCUMENTATION_COMMENTS = YES;
				CLANG_WARN_EMPTY_BODY = YES;
				CLANG_WARN_ENUM_CONVERSION = YES;
				CLANG_WARN_INFINITE_RECURSION = YES;
				CLANG_WARN_INT_CONVERSION = YES;
				CLANG_WARN_NON_LITERAL_NULL_CONVERSION = YES;
				CLANG_WARN_OBJC_IMPLICIT_RETAIN_SELF = YES;
				CLANG_WARN_OBJC_LITERAL_CONVERSION = YES;
				CLANG_WARN_OBJC_ROOT_CLASS = YES_ERROR;
				CLANG_WARN_QUOTED_INCLUDE_IN_FRAMEWORK_HEADER = YES;
				CLANG_WARN_RANGE_LOOP_ANALYSIS = YES;
				CLANG_WARN_STRICT_PROTOTYPES = YES;
				CLANG_WARN_SUSPICIOUS_MOVE = YES;
				CLANG_WARN_UNGUARDED_AVAILABILITY = YES_AGGRESSIVE;
				CLANG_WARN_UNREACHABLE_CODE = YES;
				CLANG_WARN__DUPLICATE_METHOD_MATCH = YES;
				COPY_PHASE_STRIP = NO;
				DEBUG_INFORMATION_FORMAT = dwarf;
				ENABLE_STRICT_OBJC_MSGSEND = YES;
				ENABLE_TESTABILITY = YES;
				ENABLE_USER_SCRIPT_SANDBOXING = YES;
				GCC_C_LANGUAGE_STANDARD = gnu17;
				GCC_DYNAMIC_NO_PIC = NO;
				GCC_NO_COMMON_BLOCKS = YES;
				GCC_OPTIMIZATION_LEVEL = 0;
				GCC_PREPROCESSOR_DEFINITIONS = (
					"DEBUG=1",
					"$(inherited)",
				);
				GCC_WARN_64_TO_32_BIT_CONVERSION = YES;
				GCC_WARN_ABOUT_RETURN_TYPE = YES_ERROR;
				GCC_WARN_UNDECLARED_SELECTOR = YES;
				GCC_WARN_UNINITIALIZED_AUTOS = YES_AGGRESSIVE;
				GCC_WARN_UNUSED_FUNCTION = YES;
				GCC_WARN_UNUSED_VARIABLE = YES;
				IPHONEOS_DEPLOYMENT_TARGET = 17.4;
				LOCALIZATION_PREFERS_STRING_CATALOGS = YES;
				MTL_ENABLE_DEBUG_INFO = INCLUDE_SOURCE;
				MTL_FAST_MATH = YES;
				ONLY_ACTIVE_ARCH = YES;
				SDKROOT = iphoneos;
				SWIFT_ACTIVE_COMPILATION_CONDITIONS = "DEBUG $(inherited)";
				SWIFT_OPTIMIZATION_LEVEL = "-Onone";
			};
			name = Debug;
		};
		4F93526F2CAD735600653349 /* Release */ = {
			isa = XCBuildConfiguration;
			buildSettings = {
				ALWAYS_SEARCH_USER_PATHS = NO;
				ASSETCATALOG_COMPILER_GENERATE_SWIFT_ASSET_SYMBOL_EXTENSIONS = YES;
				CLANG_ANALYZER_NONNULL = YES;
				CLANG_ANALYZER_NUMBER_OBJECT_CONVERSION = YES_AGGRESSIVE;
				CLANG_CXX_LANGUAGE_STANDARD = "gnu++20";
				CLANG_ENABLE_MODULES = YES;
				CLANG_ENABLE_OBJC_ARC = YES;
				CLANG_ENABLE_OBJC_WEAK = YES;
				CLANG_WARN_BLOCK_CAPTURE_AUTORELEASING = YES;
				CLANG_WARN_BOOL_CONVERSION = YES;
				CLANG_WARN_COMMA = YES;
				CLANG_WARN_CONSTANT_CONVERSION = YES;
				CLANG_WARN_DEPRECATED_OBJC_IMPLEMENTATIONS = YES;
				CLANG_WARN_DIRECT_OBJC_ISA_USAGE = YES_ERROR;
				CLANG_WARN_DOCUMENTATION_COMMENTS = YES;
				CLANG_WARN_EMPTY_BODY = YES;
				CLANG_WARN_ENUM_CONVERSION = YES;
				CLANG_WARN_INFINITE_RECURSION = YES;
				CLANG_WARN_INT_CONVERSION = YES;
				CLANG_WARN_NON_LITERAL_NULL_CONVERSION = YES;
				CLANG_WARN_OBJC_IMPLICIT_RETAIN_SELF = YES;
				CLANG_WARN_OBJC_LITERAL_CONVERSION = YES;
				CLANG_WARN_OBJC_ROOT_CLASS = YES_ERROR;
				CLANG_WARN_QUOTED_INCLUDE_IN_FRAMEWORK_HEADER = YES;
				CLANG_WARN_RANGE_LOOP_ANALYSIS = YES;
				CLANG_WARN_STRICT_PROTOTYPES = YES;
				CLANG_WARN_SUSPICIOUS_MOVE = YES;
				CLANG_WARN_UNGUARDED_AVAILABILITY = YES_AGGRESSIVE;
				CLANG_WARN_UNREACHABLE_CODE = YES;
				CLANG_WARN__DUPLICATE_METHOD_MATCH = YES;
				COPY_PHASE_STRIP = NO;
				DEBUG_INFORMATION_FORMAT = "dwarf-with-dsym";
				ENABLE_NS_ASSERTIONS = NO;
				ENABLE_STRICT_OBJC_MSGSEND = YES;
				ENABLE_USER_SCRIPT_SANDBOXING = YES;
				GCC_C_LANGUAGE_STANDARD = gnu17;
				GCC_NO_COMMON_BLOCKS = YES;
				GCC_WARN_64_TO_32_BIT_CONVERSION = YES;
				GCC_WARN_ABOUT_RETURN_TYPE = YES_ERROR;
				GCC_WARN_UNDECLARED_SELECTOR = YES;
				GCC_WARN_UNINITIALIZED_AUTOS = YES_AGGRESSIVE;
				GCC_WARN_UNUSED_FUNCTION = YES;
				GCC_WARN_UNUSED_VARIABLE = YES;
				IPHONEOS_DEPLOYMENT_TARGET = 17.4;
				LOCALIZATION_PREFERS_STRING_CATALOGS = YES;
				MTL_ENABLE_DEBUG_INFO = NO;
				MTL_FAST_MATH = YES;
				SDKROOT = iphoneos;
				SWIFT_COMPILATION_MODE = wholemodule;
				VALIDATE_PRODUCT = YES;
			};
			name = Release;
		};
		4F9352712CAD735600653349 /* Debug */ = {
			isa = XCBuildConfiguration;
			buildSettings = {
				ASSETCATALOG_COMPILER_APPICON_NAME = AppIcon;
				ASSETCATALOG_COMPILER_GLOBAL_ACCENT_COLOR_NAME = AccentColor;
				CODE_SIGN_IDENTITY = "Apple Development";
				CODE_SIGN_STYLE = Automatic;
				CURRENT_PROJECT_VERSION = 1;
				DEVELOPMENT_ASSET_PATHS = "\"sport/Preview Content\"";
				DEVELOPMENT_TEAM = Z5GK9C4MBD;
				ENABLE_PREVIEWS = YES;
				GENERATE_INFOPLIST_FILE = YES;
				INFOPLIST_KEY_UIApplicationSupportsIndirectInputEvents = YES;
				INFOPLIST_KEY_UILaunchScreen_Generation = YES;
				INFOPLIST_KEY_UISupportedInterfaceOrientations = UIInterfaceOrientationPortrait;
				INFOPLIST_KEY_UISupportedInterfaceOrientations_iPad = "UIInterfaceOrientationLandscapeLeft UIInterfaceOrientationLandscapeRight UIInterfaceOrientationPortrait UIInterfaceOrientationPortraitUpsideDown";
				IPHONEOS_DEPLOYMENT_TARGET = 16.0;
				LD_RUNPATH_SEARCH_PATHS = (
					"$(inherited)",
					"@executable_path/Frameworks",
				);
				MARKETING_VERSION = 1.0;
				PRODUCT_BUNDLE_IDENTIFIER = asd.asdasd.asdasd;
				PRODUCT_NAME = "$(TARGET_NAME)";
				PROVISIONING_PROFILE_SPECIFIER = "";
				SUPPORTED_PLATFORMS = "iphoneos iphonesimulator";
				SUPPORTS_MACCATALYST = NO;
				SUPPORTS_MAC_DESIGNED_FOR_IPHONE_IPAD = NO;
				SUPPORTS_XR_DESIGNED_FOR_IPHONE_IPAD = NO;
				SWIFT_EMIT_LOC_STRINGS = YES;
				SWIFT_VERSION = 5.0;
				TARGETED_DEVICE_FAMILY = 1;
			};
			name = Debug;
		};
		4F9352722CAD735600653349 /* Release */ = {
			isa = XCBuildConfiguration;
			buildSettings = {
				ASSETCATALOG_COMPILER_APPICON_NAME = AppIcon;
				ASSETCATALOG_COMPILER_GLOBAL_ACCENT_COLOR_NAME = AccentColor;
				CODE_SIGN_IDENTITY = "Apple Development";
				CODE_SIGN_STYLE = Automatic;
				CURRENT_PROJECT_VERSION = 1;
				DEVELOPMENT_ASSET_PATHS = "\"sport/Preview Content\"";
				DEVELOPMENT_TEAM = Z5GK9C4MBD;
				ENABLE_PREVIEWS = YES;
				GENERATE_INFOPLIST_FILE = YES;
				INFOPLIST_KEY_UIApplicationSupportsIndirectInputEvents = YES;
				INFOPLIST_KEY_UILaunchScreen_Generation = YES;
				INFOPLIST_KEY_UISupportedInterfaceOrientations = UIInterfaceOrientationPortrait;
				INFOPLIST_KEY_UISupportedInterfaceOrientations_iPad = "UIInterfaceOrientationLandscapeLeft UIInterfaceOrientationLandscapeRight UIInterfaceOrientationPortrait UIInterfaceOrientationPortraitUpsideDown";
				IPHONEOS_DEPLOYMENT_TARGET = 16.0;
				LD_RUNPATH_SEARCH_PATHS = (
					"$(inherited)",
					"@executable_path/Frameworks",
				);
				MARKETING_VERSION = 1.0;
				PRODUCT_BUNDLE_IDENTIFIER = asd.asdasd.asdasd;
				PRODUCT_NAME = "$(TARGET_NAME)";
				PROVISIONING_PROFILE_SPECIFIER = "";
				SUPPORTED_PLATFORMS = "iphoneos iphonesimulator";
				SUPPORTS_MACCATALYST = NO;
				SUPPORTS_MAC_DESIGNED_FOR_IPHONE_IPAD = NO;
				SUPPORTS_XR_DESIGNED_FOR_IPHONE_IPAD = NO;
				SWIFT_EMIT_LOC_STRINGS = YES;
				SWIFT_VERSION = 5.0;
				TARGETED_DEVICE_FAMILY = 1;
			};
			name = Release;
		};
/* End XCBuildConfiguration section */

/* Begin XCConfigurationList section */
		4F93525D2CAD735400653349 /* Build configuration list for PBXProject "MatchSportPlay" */ = {
			isa = XCConfigurationList;
			buildConfigurations = (
				4F93526E2CAD735600653349 /* Debug */,
				4F93526F2CAD735600653349 /* Release */,
			);
			defaultConfigurationIsVisible = 0;
			defaultConfigurationName = Release;
		};
		4F9352702CAD735600653349 /* Build configuration list for PBXNativeTarget "MatchSportPlay" */ = {
			isa = XCConfigurationList;
			buildConfigurations = (
				4F9352712CAD735600653349 /* Debug */,
				4F9352722CAD735600653349 /* Release */,
			);
			defaultConfigurationIsVisible = 0;
			defaultConfigurationName = Release;
		};
/* End XCConfigurationList section */
	};
	rootObject = 4F93525A2CAD735400653349 /* Project object */;
}
